{
  "name": "journal",
  "version": "0.1.0",
  "lockfileVersion": 3,
  "requires": true,
  "packages": {
    "": {
      "name": "journal",
      "version": "0.1.0",
      "dependencies": {
        "@rails/actioncable": "^6.0.0",
        "@rails/activestorage": "^6.0.0",
        "@rails/ujs": "^6.0.0",
        "bootstrap-icons": "^1.10.3",
        "turbolinks": "^5.2.0"
      }
    },
    "node_modules/@rails/actioncable": {
      "version": "6.1.7",
      "license": "MIT"
    },
    "node_modules/@rails/activestorage": {
      "version": "6.1.7",
      "license": "MIT",
      "dependencies": {
        "spark-md5": "^3.0.0"
      }
    },
    "node_modules/@rails/ujs": {
      "version": "6.1.7",
      "license": "MIT"
    },
    "node_modules/bootstrap-icons": {
      "version": "1.10.3",
      "resolved": "https://registry.npmjs.org/bootstrap-icons/-/bootstrap-icons-1.10.3.tgz",
      "integrity": "sha512-7Qvj0j0idEm/DdX9Q0CpxAnJYqBCFCiUI6qzSPYfERMcokVuV9Mdm/AJiVZI8+Gawe4h/l6zFcOzvV7oXCZArw=="
    },
    "node_modules/spark-md5": {
      "version": "3.0.2",
      "license": "(WTFPL OR MIT)"
    },
    "node_modules/turbolinks": {
      "version": "5.2.0",
      "license": "MIT"
    }
  }
}
